
Microsoft Visual Studio Solution File, Format Version 12.00
# Visual Studio Version 17
VisualStudioVersion = 17.3.32929.385
MinimumVisualStudioVersion = 10.0.40219.1
Project("{8BC9CEB8-8B4A-11D0-8D11-00A0C91BC942}") = "WinApi", "WinApi\WinApi.vcxproj", "{44824047-DB41-480F-954D-33105D43BDBD}"
	ProjectSection(ProjectDependencies) = postProject
		{A6E9BFEE-96EC-4FC9-9219-12202F5126CC} = {A6E9BFEE-96EC-4FC9-9219-12202F5126CC}
		{4EB90634-4EDB-48C5-9A8B-9314F05A252D} = {4EB90634-4EDB-48C5-9A8B-9314F05A252D}
		{4235D360-1C2A-445E-978E-19835ADD99A7} = {4235D360-1C2A-445E-978E-19835ADD99A7}
		{012509BD-0610-46F2-BCEF-076C0828D24F} = {012509BD-0610-46F2-BCEF-076C0828D24F}
	EndProjectSection
EndProject
Project("{2150E333-8FDC-42A3-9474-1A3956D46DE8}") = "Level0", "Level0", "{ABDCD057-C9FE-4670-BB31-C7E93BB80836}"
EndProject
Project("{2150E333-8FDC-42A3-9474-1A3956D46DE8}") = "Level1", "Level1", "{73DA8DB9-0D5B-4525-BD60-2FAC9325E1C0}"
EndProject
Project("{2150E333-8FDC-42A3-9474-1A3956D46DE8}") = "Level2", "Level2", "{032C4704-2BF9-42E3-B9F6-6B73964AFDB8}"
EndProject
Project("{8BC9CEB8-8B4A-11D0-8D11-00A0C91BC942}") = "GameEngineBase", "GameEngineBase\GameEngineBase.vcxproj", "{A6E9BFEE-96EC-4FC9-9219-12202F5126CC}"
EndProject
Project("{2150E333-8FDC-42A3-9474-1A3956D46DE8}") = "Level3", "Level3", "{1849A8AC-BB1F-48BA-A4C1-42CA1787BB25}"
EndProject
Project("{8BC9CEB8-8B4A-11D0-8D11-00A0C91BC942}") = "GameEnginePlatform", "GameEnginePlatform\GameEnginePlatform.vcxproj", "{012509BD-0610-46F2-BCEF-076C0828D24F}"
	ProjectSection(ProjectDependencies) = postProject
		{A6E9BFEE-96EC-4FC9-9219-12202F5126CC} = {A6E9BFEE-96EC-4FC9-9219-12202F5126CC}
	EndProjectSection
EndProject
Project("{8BC9CEB8-8B4A-11D0-8D11-00A0C91BC942}") = "GameEngineCore", "GameEngineCore\GameEngineCore.vcxproj", "{4235D360-1C2A-445E-978E-19835ADD99A7}"
	ProjectSection(ProjectDependencies) = postProject
		{A6E9BFEE-96EC-4FC9-9219-12202F5126CC} = {A6E9BFEE-96EC-4FC9-9219-12202F5126CC}
		{012509BD-0610-46F2-BCEF-076C0828D24F} = {012509BD-0610-46F2-BCEF-076C0828D24F}
	EndProjectSection
EndProject
Project("{8BC9CEB8-8B4A-11D0-8D11-00A0C91BC942}") = "Isaac", "GameEngineContents\GameEngineContents.vcxproj", "{4EB90634-4EDB-48C5-9A8B-9314F05A252D}"
	ProjectSection(ProjectDependencies) = postProject
		{A6E9BFEE-96EC-4FC9-9219-12202F5126CC} = {A6E9BFEE-96EC-4FC9-9219-12202F5126CC}
		{4235D360-1C2A-445E-978E-19835ADD99A7} = {4235D360-1C2A-445E-978E-19835ADD99A7}
		{012509BD-0610-46F2-BCEF-076C0828D24F} = {012509BD-0610-46F2-BCEF-076C0828D24F}
	EndProjectSection
EndProject
Project("{2150E333-8FDC-42A3-9474-1A3956D46DE8}") = "Level4", "Level4", "{B088AF07-69C7-4567-8DA9-53CE8AF02995}"
EndProject
Project("{2150E333-8FDC-42A3-9474-1A3956D46DE8}") = "Doc(기능정리)", "Doc(기능정리)", "{357E0600-4026-46AA-8742-23B3D5BF2C89}"
	ProjectSection(SolutionItems) = preProject
		기본기능들.txt = 기본기능들.txt
		만들어야하는것.txt = 만들어야하는것.txt
	EndProjectSection
EndProject
Global
	GlobalSection(SolutionConfigurationPlatforms) = preSolution
		Debug|x64 = Debug|x64
		Debug|x86 = Debug|x86
		Release|x64 = Release|x64
		Release|x86 = Release|x86
	EndGlobalSection
	GlobalSection(ProjectConfigurationPlatforms) = postSolution
		{44824047-DB41-480F-954D-33105D43BDBD}.Debug|x64.ActiveCfg = Debug|x64
		{44824047-DB41-480F-954D-33105D43BDBD}.Debug|x64.Build.0 = Debug|x64
		{44824047-DB41-480F-954D-33105D43BDBD}.Debug|x86.ActiveCfg = Debug|Win32
		{44824047-DB41-480F-954D-33105D43BDBD}.Debug|x86.Build.0 = Debug|Win32
		{44824047-DB41-480F-954D-33105D43BDBD}.Release|x64.ActiveCfg = Release|x64
		{44824047-DB41-480F-954D-33105D43BDBD}.Release|x64.Build.0 = Release|x64
		{44824047-DB41-480F-954D-33105D43BDBD}.Release|x86.ActiveCfg = Release|Win32
		{44824047-DB41-480F-954D-33105D43BDBD}.Release|x86.Build.0 = Release|Win32
		{A6E9BFEE-96EC-4FC9-9219-12202F5126CC}.Debug|x64.ActiveCfg = Debug|x64
		{A6E9BFEE-96EC-4FC9-9219-12202F5126CC}.Debug|x64.Build.0 = Debug|x64
		{A6E9BFEE-96EC-4FC9-9219-12202F5126CC}.Debug|x86.ActiveCfg = Debug|Win32
		{A6E9BFEE-96EC-4FC9-9219-12202F5126CC}.Debug|x86.Build.0 = Debug|Win32
		{A6E9BFEE-96EC-4FC9-9219-12202F5126CC}.Release|x64.ActiveCfg = Release|x64
		{A6E9BFEE-96EC-4FC9-9219-12202F5126CC}.Release|x64.Build.0 = Release|x64
		{A6E9BFEE-96EC-4FC9-9219-12202F5126CC}.Release|x86.ActiveCfg = Release|Win32
		{A6E9BFEE-96EC-4FC9-9219-12202F5126CC}.Release|x86.Build.0 = Release|Win32
		{012509BD-0610-46F2-BCEF-076C0828D24F}.Debug|x64.ActiveCfg = Debug|x64
		{012509BD-0610-46F2-BCEF-076C0828D24F}.Debug|x64.Build.0 = Debug|x64
		{012509BD-0610-46F2-BCEF-076C0828D24F}.Debug|x86.ActiveCfg = Debug|Win32
		{012509BD-0610-46F2-BCEF-076C0828D24F}.Debug|x86.Build.0 = Debug|Win32
		{012509BD-0610-46F2-BCEF-076C0828D24F}.Release|x64.ActiveCfg = Release|x64
		{012509BD-0610-46F2-BCEF-076C0828D24F}.Release|x64.Build.0 = Release|x64
		{012509BD-0610-46F2-BCEF-076C0828D24F}.Release|x86.ActiveCfg = Release|Win32
		{012509BD-0610-46F2-BCEF-076C0828D24F}.Release|x86.Build.0 = Release|Win32
		{4235D360-1C2A-445E-978E-19835ADD99A7}.Debug|x64.ActiveCfg = Debug|x64
		{4235D360-1C2A-445E-978E-19835ADD99A7}.Debug|x64.Build.0 = Debug|x64
		{4235D360-1C2A-445E-978E-19835ADD99A7}.Debug|x86.ActiveCfg = Debug|Win32
		{4235D360-1C2A-445E-978E-19835ADD99A7}.Debug|x86.Build.0 = Debug|Win32
		{4235D360-1C2A-445E-978E-19835ADD99A7}.Release|x64.ActiveCfg = Release|x64
		{4235D360-1C2A-445E-978E-19835ADD99A7}.Release|x64.Build.0 = Release|x64
		{4235D360-1C2A-445E-978E-19835ADD99A7}.Release|x86.ActiveCfg = Release|Win32
		{4235D360-1C2A-445E-978E-19835ADD99A7}.Release|x86.Build.0 = Release|Win32
		{4EB90634-4EDB-48C5-9A8B-9314F05A252D}.Debug|x64.ActiveCfg = Debug|x64
		{4EB90634-4EDB-48C5-9A8B-9314F05A252D}.Debug|x64.Build.0 = Debug|x64
		{4EB90634-4EDB-48C5-9A8B-9314F05A252D}.Debug|x86.ActiveCfg = Debug|Win32
		{4EB90634-4EDB-48C5-9A8B-9314F05A252D}.Debug|x86.Build.0 = Debug|Win32
		{4EB90634-4EDB-48C5-9A8B-9314F05A252D}.Release|x64.ActiveCfg = Release|x64
		{4EB90634-4EDB-48C5-9A8B-9314F05A252D}.Release|x64.Build.0 = Release|x64
		{4EB90634-4EDB-48C5-9A8B-9314F05A252D}.Release|x86.ActiveCfg = Release|Win32
		{4EB90634-4EDB-48C5-9A8B-9314F05A252D}.Release|x86.Build.0 = Release|Win32
	EndGlobalSection
	GlobalSection(SolutionProperties) = preSolution
		HideSolutionNode = FALSE
	EndGlobalSection
	GlobalSection(NestedProjects) = preSolution
		{44824047-DB41-480F-954D-33105D43BDBD} = {B088AF07-69C7-4567-8DA9-53CE8AF02995}
		{A6E9BFEE-96EC-4FC9-9219-12202F5126CC} = {ABDCD057-C9FE-4670-BB31-C7E93BB80836}
		{012509BD-0610-46F2-BCEF-076C0828D24F} = {73DA8DB9-0D5B-4525-BD60-2FAC9325E1C0}
		{4235D360-1C2A-445E-978E-19835ADD99A7} = {032C4704-2BF9-42E3-B9F6-6B73964AFDB8}
		{4EB90634-4EDB-48C5-9A8B-9314F05A252D} = {1849A8AC-BB1F-48BA-A4C1-42CA1787BB25}
	EndGlobalSection
	GlobalSection(ExtensibilityGlobals) = postSolution
		SolutionGuid = {6508A2AD-888A-4104-845C-750F1FCC8E62}
	EndGlobalSection
EndGlobal
