
Microsoft Visual Studio Solution File, Format Version 12.00
# Visual Studio Version 17
VisualStudioVersion = 17.3.32929.385
MinimumVisualStudioVersion = 10.0.40219.1
Project("{8BC9CEB8-8B4A-11D0-8D11-00A0C91BC942}") = "WinApi", "WinApi\WinApi.vcxproj", "{44824047-DB41-480F-954D-33105D43BDBD}"
	ProjectSection(ProjectDependencies) = postProject
		{15DA0CA3-F196-49D4-BA89-E3579759ABE0} = {15DA0CA3-F196-49D4-BA89-E3579759ABE0}
		{4EB90634-4EDB-48C5-9A8B-9314F05A252D} = {4EB90634-4EDB-48C5-9A8B-9314F05A252D}
		{7C410F91-5A68-4BA8-A94D-07F362F40206} = {7C410F91-5A68-4BA8-A94D-07F362F40206}
		{D3B085B6-3E6A-48A7-A50D-B541FF6D606A} = {D3B085B6-3E6A-48A7-A50D-B541FF6D606A}
	EndProjectSection
EndProject
Project("{2150E333-8FDC-42A3-9474-1A3956D46DE8}") = "Level0", "Level0", "{ABDCD057-C9FE-4670-BB31-C7E93BB80836}"
EndProject
Project("{2150E333-8FDC-42A3-9474-1A3956D46DE8}") = "Level1", "Level1", "{73DA8DB9-0D5B-4525-BD60-2FAC9325E1C0}"
EndProject
Project("{2150E333-8FDC-42A3-9474-1A3956D46DE8}") = "Level2", "Level2", "{032C4704-2BF9-42E3-B9F6-6B73964AFDB8}"
EndProject
Project("{8BC9CEB8-8B4A-11D0-8D11-00A0C91BC942}") = "GameEngineBase", "GameEngineBase\GameEngineBase.vcxproj", "{15DA0CA3-F196-49D4-BA89-E3579759ABE0}"
EndProject
Project("{2150E333-8FDC-42A3-9474-1A3956D46DE8}") = "Level3", "Level3", "{1849A8AC-BB1F-48BA-A4C1-42CA1787BB25}"
EndProject
Project("{8BC9CEB8-8B4A-11D0-8D11-00A0C91BC942}") = "GameEnginePlatform", "GameEnginePlatform\GameEnginePlatform.vcxproj", "{D3B085B6-3E6A-48A7-A50D-B541FF6D606A}"
	ProjectSection(ProjectDependencies) = postProject
		{15DA0CA3-F196-49D4-BA89-E3579759ABE0} = {15DA0CA3-F196-49D4-BA89-E3579759ABE0}
	EndProjectSection
EndProject
Project("{8BC9CEB8-8B4A-11D0-8D11-00A0C91BC942}") = "GameEngineCore", "GameEngineCore\GameEngineCore.vcxproj", "{7C410F91-5A68-4BA8-A94D-07F362F40206}"
	ProjectSection(ProjectDependencies) = postProject
		{15DA0CA3-F196-49D4-BA89-E3579759ABE0} = {15DA0CA3-F196-49D4-BA89-E3579759ABE0}
		{D3B085B6-3E6A-48A7-A50D-B541FF6D606A} = {D3B085B6-3E6A-48A7-A50D-B541FF6D606A}
	EndProjectSection
EndProject
Project("{8BC9CEB8-8B4A-11D0-8D11-00A0C91BC942}") = "Isaac", "GameEngineContents\GameEngineContents.vcxproj", "{4EB90634-4EDB-48C5-9A8B-9314F05A252D}"
	ProjectSection(ProjectDependencies) = postProject
		{15DA0CA3-F196-49D4-BA89-E3579759ABE0} = {15DA0CA3-F196-49D4-BA89-E3579759ABE0}
		{7C410F91-5A68-4BA8-A94D-07F362F40206} = {7C410F91-5A68-4BA8-A94D-07F362F40206}
		{D3B085B6-3E6A-48A7-A50D-B541FF6D606A} = {D3B085B6-3E6A-48A7-A50D-B541FF6D606A}
	EndProjectSection
EndProject
Project("{2150E333-8FDC-42A3-9474-1A3956D46DE8}") = "Level4", "Level4", "{B088AF07-69C7-4567-8DA9-53CE8AF02995}"
EndProject
Global
	GlobalSection(SolutionConfigurationPlatforms) = preSolution
		Debug|x64 = Debug|x64
		Debug|x86 = Debug|x86
		Release|x64 = Release|x64
		Release|x86 = Release|x86
	EndGlobalSection
	GlobalSection(ProjectConfigurationPlatforms) = postSolution
		{44824047-DB41-480F-954D-33105D43BDBD}.Debug|x64.ActiveCfg = Debug|x64
		{44824047-DB41-480F-954D-33105D43BDBD}.Debug|x64.Build.0 = Debug|x64
		{44824047-DB41-480F-954D-33105D43BDBD}.Debug|x86.ActiveCfg = Debug|Win32
		{44824047-DB41-480F-954D-33105D43BDBD}.Debug|x86.Build.0 = Debug|Win32
		{44824047-DB41-480F-954D-33105D43BDBD}.Release|x64.ActiveCfg = Release|x64
		{44824047-DB41-480F-954D-33105D43BDBD}.Release|x64.Build.0 = Release|x64
		{44824047-DB41-480F-954D-33105D43BDBD}.Release|x86.ActiveCfg = Release|Win32
		{44824047-DB41-480F-954D-33105D43BDBD}.Release|x86.Build.0 = Release|Win32
		{15DA0CA3-F196-49D4-BA89-E3579759ABE0}.Debug|x64.ActiveCfg = Debug|x64
		{15DA0CA3-F196-49D4-BA89-E3579759ABE0}.Debug|x64.Build.0 = Debug|x64
		{15DA0CA3-F196-49D4-BA89-E3579759ABE0}.Debug|x86.ActiveCfg = Debug|Win32
		{15DA0CA3-F196-49D4-BA89-E3579759ABE0}.Debug|x86.Build.0 = Debug|Win32
		{15DA0CA3-F196-49D4-BA89-E3579759ABE0}.Release|x64.ActiveCfg = Release|x64
		{15DA0CA3-F196-49D4-BA89-E3579759ABE0}.Release|x64.Build.0 = Release|x64
		{15DA0CA3-F196-49D4-BA89-E3579759ABE0}.Release|x86.ActiveCfg = Release|Win32
		{15DA0CA3-F196-49D4-BA89-E3579759ABE0}.Release|x86.Build.0 = Release|Win32
		{D3B085B6-3E6A-48A7-A50D-B541FF6D606A}.Debug|x64.ActiveCfg = Debug|x64
		{D3B085B6-3E6A-48A7-A50D-B541FF6D606A}.Debug|x64.Build.0 = Debug|x64
		{D3B085B6-3E6A-48A7-A50D-B541FF6D606A}.Debug|x86.ActiveCfg = Debug|Win32
		{D3B085B6-3E6A-48A7-A50D-B541FF6D606A}.Debug|x86.Build.0 = Debug|Win32
		{D3B085B6-3E6A-48A7-A50D-B541FF6D606A}.Release|x64.ActiveCfg = Release|x64
		{D3B085B6-3E6A-48A7-A50D-B541FF6D606A}.Release|x64.Build.0 = Release|x64
		{D3B085B6-3E6A-48A7-A50D-B541FF6D606A}.Release|x86.ActiveCfg = Release|Win32
		{D3B085B6-3E6A-48A7-A50D-B541FF6D606A}.Release|x86.Build.0 = Release|Win32
		{7C410F91-5A68-4BA8-A94D-07F362F40206}.Debug|x64.ActiveCfg = Debug|x64
		{7C410F91-5A68-4BA8-A94D-07F362F40206}.Debug|x64.Build.0 = Debug|x64
		{7C410F91-5A68-4BA8-A94D-07F362F40206}.Debug|x86.ActiveCfg = Debug|Win32
		{7C410F91-5A68-4BA8-A94D-07F362F40206}.Debug|x86.Build.0 = Debug|Win32
		{7C410F91-5A68-4BA8-A94D-07F362F40206}.Release|x64.ActiveCfg = Release|x64
		{7C410F91-5A68-4BA8-A94D-07F362F40206}.Release|x64.Build.0 = Release|x64
		{7C410F91-5A68-4BA8-A94D-07F362F40206}.Release|x86.ActiveCfg = Release|Win32
		{7C410F91-5A68-4BA8-A94D-07F362F40206}.Release|x86.Build.0 = Release|Win32
		{4EB90634-4EDB-48C5-9A8B-9314F05A252D}.Debug|x64.ActiveCfg = Debug|x64
		{4EB90634-4EDB-48C5-9A8B-9314F05A252D}.Debug|x64.Build.0 = Debug|x64
		{4EB90634-4EDB-48C5-9A8B-9314F05A252D}.Debug|x86.ActiveCfg = Debug|Win32
		{4EB90634-4EDB-48C5-9A8B-9314F05A252D}.Debug|x86.Build.0 = Debug|Win32
		{4EB90634-4EDB-48C5-9A8B-9314F05A252D}.Release|x64.ActiveCfg = Release|x64
		{4EB90634-4EDB-48C5-9A8B-9314F05A252D}.Release|x64.Build.0 = Release|x64
		{4EB90634-4EDB-48C5-9A8B-9314F05A252D}.Release|x86.ActiveCfg = Release|Win32
		{4EB90634-4EDB-48C5-9A8B-9314F05A252D}.Release|x86.Build.0 = Release|Win32
	EndGlobalSection
	GlobalSection(SolutionProperties) = preSolution
		HideSolutionNode = FALSE
	EndGlobalSection
	GlobalSection(NestedProjects) = preSolution
		{44824047-DB41-480F-954D-33105D43BDBD} = {B088AF07-69C7-4567-8DA9-53CE8AF02995}
		{15DA0CA3-F196-49D4-BA89-E3579759ABE0} = {ABDCD057-C9FE-4670-BB31-C7E93BB80836}
		{D3B085B6-3E6A-48A7-A50D-B541FF6D606A} = {73DA8DB9-0D5B-4525-BD60-2FAC9325E1C0}
		{7C410F91-5A68-4BA8-A94D-07F362F40206} = {032C4704-2BF9-42E3-B9F6-6B73964AFDB8}
		{4EB90634-4EDB-48C5-9A8B-9314F05A252D} = {1849A8AC-BB1F-48BA-A4C1-42CA1787BB25}
	EndGlobalSection
	GlobalSection(ExtensibilityGlobals) = postSolution
		SolutionGuid = {6508A2AD-888A-4104-845C-750F1FCC8E62}
	EndGlobalSection
EndGlobal
