<?xml version="1.0" encoding="utf-8"?>
<Project ToolsVersion="4.0" xmlns="http://schemas.microsoft.com/developer/msbuild/2003">
  <ItemGroup>
    <Filter Include="Debug">
      <UniqueIdentifier>{51cbe392-8669-4fff-af20-bb71cbbd9277}</UniqueIdentifier>
    </Filter>
    <Filter Include="Math">
      <UniqueIdentifier>{a96a107d-c938-44e0-9dc8-ed3c347df606}</UniqueIdentifier>
    </Filter>
    <Filter Include="String">
      <UniqueIdentifier>{cfd54b9e-fd15-4646-a242-0aef0bda26b1}</UniqueIdentifier>
    </Filter>
    <Filter Include="IO%28File%29">
      <UniqueIdentifier>{f8ae27b5-466f-40a4-b24e-b58d69e0a334}</UniqueIdentifier>
    </Filter>
  </ItemGroup>
  <ItemGroup>
    <ClCompile Include="GameEngineDebug.cpp">
      <Filter>Debug</Filter>
    </ClCompile>
    <ClCompile Include="GameEngineMath.cpp">
      <Filter>Math</Filter>
    </ClCompile>
    <ClCompile Include="GameEngineString.cpp">
      <Filter>String</Filter>
    </ClCompile>
    <ClCompile Include="GameEngineDirectory.cpp">
      <Filter>IO%28File%29</Filter>
    </ClCompile>
    <ClCompile Include="GameEngineFile.cpp">
      <Filter>IO%28File%29</Filter>
    </ClCompile>
    <ClCompile Include="GameEnginePath.cpp">
      <Filter>IO%28File%29</Filter>
    </ClCompile>
    <ClCompile Include="GameEngineTime.cpp" />
  </ItemGroup>
  <ItemGroup>
    <ClInclude Include="GameEngineDebug.h">
      <Filter>Debug</Filter>
    </ClInclude>
    <ClInclude Include="GameEngineMath.h">
      <Filter>Math</Filter>
    </ClInclude>
    <ClInclude Include="GameEngineString.h">
      <Filter>String</Filter>
    </ClInclude>
    <ClInclude Include="GameEngineDirectory.h">
      <Filter>IO%28File%29</Filter>
    </ClInclude>
    <ClInclude Include="GameEngineFile.h">
      <Filter>IO%28File%29</Filter>
    </ClInclude>
    <ClInclude Include="GameEnginePath.h">
      <Filter>IO%28File%29</Filter>
    </ClInclude>
    <ClInclude Include="GameEngineTime.h" />
  </ItemGroup>
</Project>