<?xml version="1.0" encoding="utf-8"?>
<Project ToolsVersion="4.0" xmlns="http://schemas.microsoft.com/developer/msbuild/2003">
  <ItemGroup>
    <ClInclude Include="AllBack.h">
      <Filter>Intro\AllBack</Filter>
    </ClInclude>
    <ClInclude Include="IsaacCore.h">
      <Filter>Core</Filter>
    </ClInclude>
    <ClInclude Include="IsaacEnum.h">
      <Filter>Play</Filter>
    </ClInclude>
    <ClInclude Include="LoadLevel.h">
      <Filter>TitleLoading</Filter>
    </ClInclude>
    <ClInclude Include="Isaaclevel.h">
      <Filter>Play\Playlevel</Filter>
    </ClInclude>
    <ClInclude Include="Room.h">
      <Filter>Play\Playlevel\MapRenderSet\Room</Filter>
    </ClInclude>
    <ClInclude Include="TitleChapter.h">
      <Filter>Title\TitleBackGround</Filter>
    </ClInclude>
    <ClInclude Include="TitleLevel.h">
      <Filter>Title\TitleLevel</Filter>
    </ClInclude>
    <ClInclude Include="IsaacIntro.h">
      <Filter>Intro\Intro</Filter>
    </ClInclude>
    <ClInclude Include="Tears.h">
      <Filter>Play\Isaac\Isaac_Main\Tears\DefalutTears%28Left%29</Filter>
    </ClInclude>
    <ClInclude Include="DownTears.h">
      <Filter>Play\Isaac\Isaac_Main\Tears\OtherTears</Filter>
    </ClInclude>
    <ClInclude Include="RightTears.h">
      <Filter>Play\Isaac\Isaac_Main\Tears\OtherTears</Filter>
    </ClInclude>
    <ClInclude Include="UpTears.h">
      <Filter>Play\Isaac\Isaac_Main\Tears\OtherTears</Filter>
    </ClInclude>
    <ClInclude Include="Bomb.h">
      <Filter>Play\Isaac\Isaac_Main\IsaacBomb</Filter>
    </ClInclude>
    <ClInclude Include="Heart.h">
      <Filter>Play\Isaac\Item&amp;actor\MapActor\Heart</Filter>
    </ClInclude>
    <ClInclude Include="Poop.h">
      <Filter>Play\Isaac\Item&amp;actor\MapActor\Poop</Filter>
    </ClInclude>
    <ClInclude Include="FireWood.h">
      <Filter>Play\Isaac\Item&amp;actor\MapActor\Fire\FireWood</Filter>
    </ClInclude>
    <ClInclude Include="Fire.h">
      <Filter>Play\Isaac\Item&amp;actor\MapActor\Fire</Filter>
    </ClInclude>
    <ClInclude Include="Isaac.h">
      <Filter>Play\Isaac\Isaac_Main\Isaac</Filter>
    </ClInclude>
    <ClInclude Include="Monster_Fly.h">
      <Filter>Play\Isaac\Monster\NormalMonster\Fly</Filter>
    </ClInclude>
    <ClInclude Include="Key.h">
      <Filter>Play\Isaac\Item&amp;actor\MapActor\Key</Filter>
    </ClInclude>
    <ClInclude Include="ItemBomb.h">
      <Filter>Play\Isaac\Item&amp;actor\MapActor\Bomb</Filter>
    </ClInclude>
    <ClInclude Include="Coin.h">
      <Filter>Play\Isaac\Item&amp;actor\MapActor\Coin</Filter>
    </ClInclude>
    <ClInclude Include="HP.h">
      <Filter>Play\Playlevel\MapRenderSet\UI\HP</Filter>
    </ClInclude>
    <ClInclude Include="BombNumber.h">
      <Filter>Play\Playlevel\MapRenderSet\UI\ItemNumber\Bomb</Filter>
    </ClInclude>
    <ClInclude Include="CoinNumber.h">
      <Filter>Play\Playlevel\MapRenderSet\UI\ItemNumber\Coin</Filter>
    </ClInclude>
    <ClInclude Include="KeyNumber.h">
      <Filter>Play\Playlevel\MapRenderSet\UI\ItemNumber\Key</Filter>
    </ClInclude>
    <ClInclude Include="Rock.h">
      <Filter>Play\Isaac\Item&amp;actor\MapActor\Rock</Filter>
    </ClInclude>
    <ClInclude Include="Rock_Boom.h">
      <Filter>Play\Isaac\Item&amp;actor\MapActor\Rock_Boom</Filter>
    </ClInclude>
    <ClInclude Include="Spike.h">
      <Filter>Play\Isaac\Item&amp;actor\MapActor\Spike</Filter>
    </ClInclude>
    <ClInclude Include="Monster_Blob.h">
      <Filter>Play\Isaac\Monster\NormalMonster\Blob</Filter>
    </ClInclude>
    <ClInclude Include="Monster_Gaper.h">
      <Filter>Play\Isaac\Monster\NormalMonster\Gaper</Filter>
    </ClInclude>
    <ClInclude Include="Monster_Boil.h">
      <Filter>Play\Isaac\Monster\NormalMonster\Boil</Filter>
    </ClInclude>
    <ClInclude Include="BloodTear.h">
      <Filter>Play\Isaac\Monster\.MonsterAtt</Filter>
    </ClInclude>
    <ClInclude Include="Charger.h">
      <Filter>Play\Isaac\Monster\NormalMonster\Charger</Filter>
    </ClInclude>
    <ClInclude Include="Pooter.h">
      <Filter>Play\Isaac\Monster\NormalMonster\Pooter</Filter>
    </ClInclude>
    <ClInclude Include="Muliboom.h">
      <Filter>Play\Isaac\Monster\NormalMonster\Muliboom</Filter>
    </ClInclude>
    <ClInclude Include="Host.h">
      <Filter>Play\Isaac\Monster\NormalMonster\Host</Filter>
    </ClInclude>
    <ClInclude Include="Clot.h">
      <Filter>Play\Isaac\Monster\NormalMonster\Clot</Filter>
    </ClInclude>
    <ClInclude Include="Clotty.h">
      <Filter>Play\Isaac\Monster\NormalMonster\Clotty</Filter>
    </ClInclude>
    <ClInclude Include="Altar.h">
      <Filter>Play\Isaac\Item&amp;actor\MapItem\Altar</Filter>
    </ClInclude>
    <ClInclude Include="Leo.h">
      <Filter>Play\Isaac\Item&amp;actor\MapItem\leo</Filter>
    </ClInclude>
    <ClInclude Include="ItemHeart.h">
      <Filter>Play\Isaac\Item&amp;actor\MapItem\Heart</Filter>
    </ClInclude>
    <ClInclude Include="Glasses.h">
      <Filter>Play\Isaac\Item&amp;actor\MapItem\Glasses</Filter>
    </ClInclude>
    <ClInclude Include="BlackLotus.h">
      <Filter>Play\Isaac\Item&amp;actor\MapItem\Blacklotus</Filter>
    </ClInclude>
    <ClInclude Include="MapCollision.h">
      <Filter>Play\Playlevel\MapCollision</Filter>
    </ClInclude>
    <ClInclude Include="BossLoding.h">
      <Filter>BossLoding</Filter>
    </ClInclude>
  </ItemGroup>
  <ItemGroup>
    <ClCompile Include="AllBack.cpp">
      <Filter>Intro\AllBack</Filter>
    </ClCompile>
    <ClCompile Include="IsaacCore.cpp">
      <Filter>Core</Filter>
    </ClCompile>
    <ClCompile Include="LoadLevel.cpp">
      <Filter>TitleLoading</Filter>
    </ClCompile>
    <ClCompile Include="Isaaclevel.cpp">
      <Filter>Play\Playlevel</Filter>
    </ClCompile>
    <ClCompile Include="Room.cpp">
      <Filter>Play\Playlevel\MapRenderSet\Room</Filter>
    </ClCompile>
    <ClCompile Include="TitleChapter.cpp">
      <Filter>Title\TitleBackGround</Filter>
    </ClCompile>
    <ClCompile Include="TitleLevel.cpp">
      <Filter>Title\TitleLevel</Filter>
    </ClCompile>
    <ClCompile Include="IsaacIntro.cpp">
      <Filter>Intro\Intro</Filter>
    </ClCompile>
    <ClCompile Include="SettingMenu.cpp">
      <Filter>Play\Playlevel\MapRenderSet\SettingMenu</Filter>
    </ClCompile>
    <ClCompile Include="MapMove.cpp">
      <Filter>Play\Playlevel\MapRenderSet\MapMove</Filter>
    </ClCompile>
    <ClCompile Include="Tears.cpp">
      <Filter>Play\Isaac\Isaac_Main\Tears\DefalutTears%28Left%29</Filter>
    </ClCompile>
    <ClCompile Include="DownTears.cpp">
      <Filter>Play\Isaac\Isaac_Main\Tears\OtherTears</Filter>
    </ClCompile>
    <ClCompile Include="RightTears.cpp">
      <Filter>Play\Isaac\Isaac_Main\Tears\OtherTears</Filter>
    </ClCompile>
    <ClCompile Include="UpTears.cpp">
      <Filter>Play\Isaac\Isaac_Main\Tears\OtherTears</Filter>
    </ClCompile>
    <ClCompile Include="Bomb.cpp">
      <Filter>Play\Isaac\Isaac_Main\IsaacBomb</Filter>
    </ClCompile>
    <ClCompile Include="Heart.cpp">
      <Filter>Play\Isaac\Item&amp;actor\MapActor\Heart</Filter>
    </ClCompile>
    <ClCompile Include="Poop.cpp">
      <Filter>Play\Isaac\Item&amp;actor\MapActor\Poop</Filter>
    </ClCompile>
    <ClCompile Include="FireWood.cpp">
      <Filter>Play\Isaac\Item&amp;actor\MapActor\Fire\FireWood</Filter>
    </ClCompile>
    <ClCompile Include="Fire.cpp">
      <Filter>Play\Isaac\Item&amp;actor\MapActor\Fire</Filter>
    </ClCompile>
    <ClCompile Include="Isaac.cpp">
      <Filter>Play\Isaac\Isaac_Main\Isaac</Filter>
    </ClCompile>
    <ClCompile Include="Isaac_State.cpp">
      <Filter>Play\Isaac\Isaac_Main\Isaac</Filter>
    </ClCompile>
    <ClCompile Include="Monster_Fly.cpp">
      <Filter>Play\Isaac\Monster\NormalMonster\Fly</Filter>
    </ClCompile>
    <ClCompile Include="Key.cpp">
      <Filter>Play\Isaac\Item&amp;actor\MapActor\Key</Filter>
    </ClCompile>
    <ClCompile Include="ItemBomb.cpp">
      <Filter>Play\Isaac\Item&amp;actor\MapActor\Bomb</Filter>
    </ClCompile>
    <ClCompile Include="Coin.cpp">
      <Filter>Play\Isaac\Item&amp;actor\MapActor\Coin</Filter>
    </ClCompile>
    <ClCompile Include="HP.cpp">
      <Filter>Play\Playlevel\MapRenderSet\UI\HP</Filter>
    </ClCompile>
    <ClCompile Include="BombNumber.cpp">
      <Filter>Play\Playlevel\MapRenderSet\UI\ItemNumber\Bomb</Filter>
    </ClCompile>
    <ClCompile Include="CoinNumber.cpp">
      <Filter>Play\Playlevel\MapRenderSet\UI\ItemNumber\Coin</Filter>
    </ClCompile>
    <ClCompile Include="KeyNumber.cpp">
      <Filter>Play\Playlevel\MapRenderSet\UI\ItemNumber\Key</Filter>
    </ClCompile>
    <ClCompile Include="SoundLoader.cpp">
      <Filter>Play\Playlevel\Loader</Filter>
    </ClCompile>
    <ClCompile Include="Rock.cpp">
      <Filter>Play\Isaac\Item&amp;actor\MapActor\Rock</Filter>
    </ClCompile>
    <ClCompile Include="Rock_Boom.cpp">
      <Filter>Play\Isaac\Item&amp;actor\MapActor\Rock_Boom</Filter>
    </ClCompile>
    <ClCompile Include="Spike.cpp">
      <Filter>Play\Isaac\Item&amp;actor\MapActor\Spike</Filter>
    </ClCompile>
    <ClCompile Include="ImageLoader.cpp">
      <Filter>Play\Playlevel\Loader</Filter>
    </ClCompile>
    <ClCompile Include="Monster_Blob.cpp">
      <Filter>Play\Isaac\Monster\NormalMonster\Blob</Filter>
    </ClCompile>
    <ClCompile Include="Monster_Gaper.cpp">
      <Filter>Play\Isaac\Monster\NormalMonster\Gaper</Filter>
    </ClCompile>
    <ClCompile Include="Monster_Boil.cpp">
      <Filter>Play\Isaac\Monster\NormalMonster\Boil</Filter>
    </ClCompile>
    <ClCompile Include="BloodTear.cpp">
      <Filter>Play\Isaac\Monster\.MonsterAtt</Filter>
    </ClCompile>
    <ClCompile Include="Charger.cpp">
      <Filter>Play\Isaac\Monster\NormalMonster\Charger</Filter>
    </ClCompile>
    <ClCompile Include="Pooter.cpp">
      <Filter>Play\Isaac\Monster\NormalMonster\Pooter</Filter>
    </ClCompile>
    <ClCompile Include="Muliboom.cpp">
      <Filter>Play\Isaac\Monster\NormalMonster\Muliboom</Filter>
    </ClCompile>
    <ClCompile Include="Host.cpp">
      <Filter>Play\Isaac\Monster\NormalMonster\Host</Filter>
    </ClCompile>
    <ClCompile Include="Clot.cpp">
      <Filter>Play\Isaac\Monster\NormalMonster\Clot</Filter>
    </ClCompile>
    <ClCompile Include="Clotty.cpp">
      <Filter>Play\Isaac\Monster\NormalMonster\Clotty</Filter>
    </ClCompile>
    <ClCompile Include="Altar.cpp">
      <Filter>Play\Isaac\Item&amp;actor\MapItem\Altar</Filter>
    </ClCompile>
    <ClCompile Include="Leo.cpp">
      <Filter>Play\Isaac\Item&amp;actor\MapItem\leo</Filter>
    </ClCompile>
    <ClCompile Include="ItemHeart.cpp">
      <Filter>Play\Isaac\Item&amp;actor\MapItem\Heart</Filter>
    </ClCompile>
    <ClCompile Include="Glasses.cpp">
      <Filter>Play\Isaac\Item&amp;actor\MapItem\Glasses</Filter>
    </ClCompile>
    <ClCompile Include="BlackLotus.cpp">
      <Filter>Play\Isaac\Item&amp;actor\MapItem\Blacklotus</Filter>
    </ClCompile>
    <ClCompile Include="MapCollision.cpp">
      <Filter>Play\Playlevel\MapCollision</Filter>
    </ClCompile>
    <ClCompile Include="RoomSet.cpp">
      <Filter>Play\Playlevel\MapRenderSet\RoomSetting</Filter>
    </ClCompile>
    <ClCompile Include="BossLoding.cpp">
      <Filter>BossLoding</Filter>
    </ClCompile>
  </ItemGroup>
  <ItemGroup>
    <Filter Include="Play">
      <UniqueIdentifier>{8708d13d-46d4-4ca6-b4c0-5fec17ab9199}</UniqueIdentifier>
    </Filter>
    <Filter Include="Intro">
      <UniqueIdentifier>{80c72e4d-d8b9-4f22-9b9c-d1e79fe89893}</UniqueIdentifier>
    </Filter>
    <Filter Include="Intro\Intro">
      <UniqueIdentifier>{65a7208a-190b-42de-acb8-daae457619af}</UniqueIdentifier>
    </Filter>
    <Filter Include="Core">
      <UniqueIdentifier>{cbec8a9b-e542-4bd1-b911-9825f25300bc}</UniqueIdentifier>
    </Filter>
    <Filter Include="Title">
      <UniqueIdentifier>{350ba8ce-59e4-4de8-9b7b-4ed2cfc86c51}</UniqueIdentifier>
    </Filter>
    <Filter Include="Intro\AllBack">
      <UniqueIdentifier>{b657acc4-f9d2-40a4-b650-9c1f3c7be121}</UniqueIdentifier>
    </Filter>
    <Filter Include="TitleLoading">
      <UniqueIdentifier>{b4a2fc5c-e61f-4781-a72b-915062258a05}</UniqueIdentifier>
    </Filter>
    <Filter Include="Play\Playlevel">
      <UniqueIdentifier>{1d32e86d-6a89-4ccb-972a-96d28726049a}</UniqueIdentifier>
    </Filter>
    <Filter Include="Play\Isaac">
      <UniqueIdentifier>{57376af8-37ed-44bb-9fbe-08ea18a9f12c}</UniqueIdentifier>
    </Filter>
    <Filter Include="Title\TitleBackGround">
      <UniqueIdentifier>{acc08166-e9c7-45dd-b2e2-33c1e4b3bddb}</UniqueIdentifier>
    </Filter>
    <Filter Include="Title\TitleLevel">
      <UniqueIdentifier>{885d06fc-899a-41c9-9bb8-0a0034295288}</UniqueIdentifier>
    </Filter>
    <Filter Include="Play\Isaac\Monster">
      <UniqueIdentifier>{18479603-5a26-4e99-b50d-1ef87515f408}</UniqueIdentifier>
    </Filter>
    <Filter Include="Play\Playlevel\MapRenderSet">
      <UniqueIdentifier>{6045e06d-8fcd-4056-92c7-49846486afce}</UniqueIdentifier>
    </Filter>
    <Filter Include="Play\Playlevel\MapRenderSet\SettingMenu">
      <UniqueIdentifier>{9854b996-a653-4085-a870-8cbaf684c213}</UniqueIdentifier>
    </Filter>
    <Filter Include="Play\Playlevel\MapRenderSet\MapMove">
      <UniqueIdentifier>{d0c61e26-141a-49fa-80d6-d007ee4283a4}</UniqueIdentifier>
    </Filter>
    <Filter Include="Play\Playlevel\MapRenderSet\UI">
      <UniqueIdentifier>{ee260920-7eef-41ac-877b-18c60a7be8ca}</UniqueIdentifier>
    </Filter>
    <Filter Include="Play\Isaac\Isaac_Main">
      <UniqueIdentifier>{35f06202-8115-4adb-825e-a9b5044c7426}</UniqueIdentifier>
    </Filter>
    <Filter Include="Play\Isaac\Isaac_Main\IsaacBomb">
      <UniqueIdentifier>{0616295f-9ed9-4e8d-b14c-4db760783455}</UniqueIdentifier>
    </Filter>
    <Filter Include="Play\Isaac\Isaac_Main\Tears">
      <UniqueIdentifier>{c1cd1d0e-4833-4c74-b501-375416a36fad}</UniqueIdentifier>
    </Filter>
    <Filter Include="Play\Isaac\Isaac_Main\Tears\DefalutTears%28Left%29">
      <UniqueIdentifier>{34129774-54b3-4a1a-bc68-5f344fccbc0a}</UniqueIdentifier>
    </Filter>
    <Filter Include="Play\Isaac\Isaac_Main\Tears\OtherTears">
      <UniqueIdentifier>{1a3d9f5a-907a-470f-83e2-199ed8f37179}</UniqueIdentifier>
    </Filter>
    <Filter Include="Play\Isaac\Item&amp;actor">
      <UniqueIdentifier>{4d0a68e8-acf2-4ad9-8924-dace1da46b7f}</UniqueIdentifier>
    </Filter>
    <Filter Include="Play\Isaac\Isaac_Main\Isaac">
      <UniqueIdentifier>{30f2bc80-a20f-4a87-bc76-53c4f137405b}</UniqueIdentifier>
    </Filter>
    <Filter Include="Play\Playlevel\MapRenderSet\UI\HP">
      <UniqueIdentifier>{501b9aad-defa-49d3-afdc-65aa87691008}</UniqueIdentifier>
    </Filter>
    <Filter Include="Play\Playlevel\MapRenderSet\UI\ItemNumber">
      <UniqueIdentifier>{9c946b4a-cc60-443d-89d4-8b4c2bd586bd}</UniqueIdentifier>
    </Filter>
    <Filter Include="Play\Playlevel\MapRenderSet\UI\ItemNumber\Bomb">
      <UniqueIdentifier>{1aa6c6d2-545e-4d4f-a20d-3c67b2585526}</UniqueIdentifier>
    </Filter>
    <Filter Include="Play\Playlevel\MapRenderSet\UI\ItemNumber\Coin">
      <UniqueIdentifier>{95286fe6-974e-4bdc-81b9-b648d7c6f86f}</UniqueIdentifier>
    </Filter>
    <Filter Include="Play\Playlevel\MapRenderSet\UI\ItemNumber\Key">
      <UniqueIdentifier>{cc9920df-9ba6-4462-b336-d3f2973f9377}</UniqueIdentifier>
    </Filter>
    <Filter Include="Play\Playlevel\Loader">
      <UniqueIdentifier>{8e71d552-cab3-4b2f-9f47-53a810b397bf}</UniqueIdentifier>
    </Filter>
    <Filter Include="Play\Isaac\Item&amp;actor\MapActor">
      <UniqueIdentifier>{87787f45-c8e3-46a2-bdf7-283b191f9631}</UniqueIdentifier>
    </Filter>
    <Filter Include="Play\Isaac\Item&amp;actor\MapActor\Bomb">
      <UniqueIdentifier>{8839379c-8949-47c6-b31e-7cab666b4514}</UniqueIdentifier>
    </Filter>
    <Filter Include="Play\Isaac\Item&amp;actor\MapActor\Coin">
      <UniqueIdentifier>{c867c2b5-2652-436b-9d8e-b40b27565040}</UniqueIdentifier>
    </Filter>
    <Filter Include="Play\Isaac\Item&amp;actor\MapActor\Fire">
      <UniqueIdentifier>{0386def2-4535-4bc5-a5ad-b58a38f27149}</UniqueIdentifier>
    </Filter>
    <Filter Include="Play\Isaac\Item&amp;actor\MapActor\Fire\FireWood">
      <UniqueIdentifier>{d79da068-9566-4e74-9378-0f007d2e709e}</UniqueIdentifier>
    </Filter>
    <Filter Include="Play\Isaac\Item&amp;actor\MapActor\Heart">
      <UniqueIdentifier>{bdce5cd3-444a-44c6-88af-e44582fa9351}</UniqueIdentifier>
    </Filter>
    <Filter Include="Play\Isaac\Item&amp;actor\MapActor\Key">
      <UniqueIdentifier>{5b22a227-fc64-4183-a623-4f2e5988ff22}</UniqueIdentifier>
    </Filter>
    <Filter Include="Play\Isaac\Item&amp;actor\MapActor\Poop">
      <UniqueIdentifier>{aa4d840d-383d-4a81-88f1-5c00f80fc871}</UniqueIdentifier>
    </Filter>
    <Filter Include="Play\Isaac\Item&amp;actor\MapActor\Rock">
      <UniqueIdentifier>{80809039-3626-4aff-9dfe-bd7086b03cb3}</UniqueIdentifier>
    </Filter>
    <Filter Include="Play\Isaac\Item&amp;actor\MapActor\Rock_Boom">
      <UniqueIdentifier>{b4c67389-b6fd-44ee-94e1-1578134c6c57}</UniqueIdentifier>
    </Filter>
    <Filter Include="Play\Isaac\Item&amp;actor\MapActor\Spike">
      <UniqueIdentifier>{37372176-c621-4dd9-861b-feb63ab55129}</UniqueIdentifier>
    </Filter>
    <Filter Include="Play\Isaac\Item&amp;actor\MapItem">
      <UniqueIdentifier>{7063b382-b6ed-472b-a8ed-a841b7541bae}</UniqueIdentifier>
    </Filter>
    <Filter Include="Play\Isaac\Monster\.MonsterAtt">
      <UniqueIdentifier>{d8ce8c62-1e73-4d75-bc3f-5e2fe2fe7c71}</UniqueIdentifier>
    </Filter>
    <Filter Include="Play\Isaac\Monster\BossMonster">
      <UniqueIdentifier>{58e0a4d7-91a4-4408-90c1-bce17eae1647}</UniqueIdentifier>
    </Filter>
    <Filter Include="Play\Isaac\Monster\NormalMonster">
      <UniqueIdentifier>{be468c18-da8b-4b0a-9c5f-08141403f3e2}</UniqueIdentifier>
    </Filter>
    <Filter Include="Play\Isaac\Monster\NormalMonster\Pooter">
      <UniqueIdentifier>{affd6b66-b264-441c-a061-e5a24c7c858d}</UniqueIdentifier>
    </Filter>
    <Filter Include="Play\Isaac\Monster\NormalMonster\Muliboom">
      <UniqueIdentifier>{912b9d1d-8a65-4977-83a6-540c39e084f5}</UniqueIdentifier>
    </Filter>
    <Filter Include="Play\Isaac\Monster\NormalMonster\Host">
      <UniqueIdentifier>{15e05480-10b7-4497-9a7b-6f54ce7d2240}</UniqueIdentifier>
    </Filter>
    <Filter Include="Play\Isaac\Monster\NormalMonster\Gaper">
      <UniqueIdentifier>{560fff46-03f3-47c0-83ef-9780c9d2a84d}</UniqueIdentifier>
    </Filter>
    <Filter Include="Play\Isaac\Monster\NormalMonster\Charger">
      <UniqueIdentifier>{057906bd-d794-4d52-b8ac-5b07bc82e79b}</UniqueIdentifier>
    </Filter>
    <Filter Include="Play\Isaac\Monster\NormalMonster\Clot">
      <UniqueIdentifier>{0a27f9b6-687f-4bf6-9c0b-9bd96ab27d69}</UniqueIdentifier>
    </Filter>
    <Filter Include="Play\Isaac\Monster\NormalMonster\Clotty">
      <UniqueIdentifier>{4b5b4ab6-9a5b-4bfb-a2bd-bc40e68ba3a0}</UniqueIdentifier>
    </Filter>
    <Filter Include="Play\Isaac\Monster\NormalMonster\Fly">
      <UniqueIdentifier>{82c3766b-f39b-4fb6-a7fe-48be49c97f7d}</UniqueIdentifier>
    </Filter>
    <Filter Include="Play\Isaac\Monster\NormalMonster\Blob">
      <UniqueIdentifier>{3ce74471-360e-46c3-9909-7e81cbbd98cf}</UniqueIdentifier>
    </Filter>
    <Filter Include="Play\Isaac\Monster\NormalMonster\Boil">
      <UniqueIdentifier>{dca40e7c-5638-4565-ba4d-c1572fe92df2}</UniqueIdentifier>
    </Filter>
    <Filter Include="Play\Isaac\Item&amp;actor\MapItem\leo">
      <UniqueIdentifier>{4b277463-a38b-4801-9fe7-675d3ea2b78e}</UniqueIdentifier>
    </Filter>
    <Filter Include="Play\Isaac\Item&amp;actor\MapItem\Blacklotus">
      <UniqueIdentifier>{528ca133-cbfb-4ecf-b3a8-87e39e5109c6}</UniqueIdentifier>
    </Filter>
    <Filter Include="Play\Isaac\Item&amp;actor\MapItem\Glasses">
      <UniqueIdentifier>{88da1683-9774-49f2-b511-c21ff48580f4}</UniqueIdentifier>
    </Filter>
    <Filter Include="Play\Isaac\Item&amp;actor\MapItem\Heart">
      <UniqueIdentifier>{d61b13e8-bb49-42eb-a334-2bb030b89522}</UniqueIdentifier>
    </Filter>
    <Filter Include="Play\Isaac\Item&amp;actor\MapItem\Altar">
      <UniqueIdentifier>{da9e14af-4c8f-4e3c-95c0-8b4e1f67dc6b}</UniqueIdentifier>
    </Filter>
    <Filter Include="Play\Playlevel\MapRenderSet\Room">
      <UniqueIdentifier>{eb873084-9e51-4038-9490-2805ce41e43e}</UniqueIdentifier>
    </Filter>
    <Filter Include="Play\Playlevel\MapCollision">
      <UniqueIdentifier>{96306726-8fbe-4da3-b718-166784ce8145}</UniqueIdentifier>
    </Filter>
    <Filter Include="Play\Playlevel\MapRenderSet\RoomSetting">
      <UniqueIdentifier>{ac50218d-416e-4870-8e9f-3fb7814c26f5}</UniqueIdentifier>
    </Filter>
    <Filter Include="BossLoding">
      <UniqueIdentifier>{af6ede56-4379-4a79-8a79-a87f9e7264d5}</UniqueIdentifier>
    </Filter>
  </ItemGroup>
</Project>