<?xml version="1.0" encoding="utf-8"?>
<Project ToolsVersion="4.0" xmlns="http://schemas.microsoft.com/developer/msbuild/2003">
  <ItemGroup>
    <ClInclude Include="IsaacCore.h" />
    <ClInclude Include="Isaac.h">
      <Filter>Play</Filter>
    </ClInclude>
    <ClInclude Include="IsaacPlay.h">
      <Filter>Play</Filter>
    </ClInclude>
    <ClInclude Include="IsaacTitle.h">
      <Filter>Title</Filter>
    </ClInclude>
  </ItemGroup>
  <ItemGroup>
    <ClCompile Include="IsaacCore.cpp" />
    <ClCompile Include="Isaac.cpp">
      <Filter>Play</Filter>
    </ClCompile>
    <ClCompile Include="IsaacPlay.cpp">
      <Filter>Play</Filter>
    </ClCompile>
    <ClCompile Include="IsaacTitle.cpp">
      <Filter>Title</Filter>
    </ClCompile>
  </ItemGroup>
  <ItemGroup>
    <Filter Include="Play">
      <UniqueIdentifier>{8708d13d-46d4-4ca6-b4c0-5fec17ab9199}</UniqueIdentifier>
    </Filter>
    <Filter Include="Title">
      <UniqueIdentifier>{80c72e4d-d8b9-4f22-9b9c-d1e79fe89893}</UniqueIdentifier>
    </Filter>
  </ItemGroup>
</Project>