<?xml version="1.0" encoding="utf-8"?>
<Project ToolsVersion="4.0" xmlns="http://schemas.microsoft.com/developer/msbuild/2003">
  <ItemGroup>
    <ClInclude Include="Isaac.h">
      <Filter>Play</Filter>
    </ClInclude>
    <ClInclude Include="Isaaclevel.h">
      <Filter>Play</Filter>
    </ClInclude>
    <ClInclude Include="BackGround.h">
      <Filter>Play</Filter>
    </ClInclude>
    <ClInclude Include="AllBack.h">
      <Filter>Intro\AllBack</Filter>
    </ClInclude>
    <ClInclude Include="IsaacIntro.h">
      <Filter>Intro\Intro\Introlevel</Filter>
    </ClInclude>
    <ClInclude Include="IsaacCore.h">
      <Filter>Core</Filter>
    </ClInclude>
    <ClInclude Include="IsaacEnum.h">
      <Filter>Play</Filter>
    </ClInclude>
    <ClInclude Include="TitleLevel.h">
      <Filter>Title</Filter>
    </ClInclude>
    <ClInclude Include="LoadLevel.h">
      <Filter>TitleLoading</Filter>
    </ClInclude>
    <ClInclude Include="TitleChapter.h">
      <Filter>Title</Filter>
    </ClInclude>
  </ItemGroup>
  <ItemGroup>
    <ClCompile Include="Isaac.cpp">
      <Filter>Play</Filter>
    </ClCompile>
    <ClCompile Include="Isaaclevel.cpp">
      <Filter>Play</Filter>
    </ClCompile>
    <ClCompile Include="Isaac_State.cpp">
      <Filter>Play</Filter>
    </ClCompile>
    <ClCompile Include="BackGround.cpp">
      <Filter>Play</Filter>
    </ClCompile>
    <ClCompile Include="AllBack.cpp">
      <Filter>Intro\AllBack</Filter>
    </ClCompile>
    <ClCompile Include="IsaacIntro.cpp">
      <Filter>Intro\Intro\Introlevel</Filter>
    </ClCompile>
    <ClCompile Include="IsaacCore.cpp">
      <Filter>Core</Filter>
    </ClCompile>
    <ClCompile Include="TitleLevel.cpp">
      <Filter>Title</Filter>
    </ClCompile>
    <ClCompile Include="LoadLevel.cpp">
      <Filter>TitleLoading</Filter>
    </ClCompile>
    <ClCompile Include="TitleChapter.cpp">
      <Filter>Title</Filter>
    </ClCompile>
  </ItemGroup>
  <ItemGroup>
    <Filter Include="Play">
      <UniqueIdentifier>{8708d13d-46d4-4ca6-b4c0-5fec17ab9199}</UniqueIdentifier>
    </Filter>
    <Filter Include="Intro">
      <UniqueIdentifier>{80c72e4d-d8b9-4f22-9b9c-d1e79fe89893}</UniqueIdentifier>
    </Filter>
    <Filter Include="Intro\Intro">
      <UniqueIdentifier>{65a7208a-190b-42de-acb8-daae457619af}</UniqueIdentifier>
    </Filter>
    <Filter Include="Intro\Intro\Introlevel">
      <UniqueIdentifier>{4f1ece71-042d-4162-8098-90d411767d77}</UniqueIdentifier>
    </Filter>
    <Filter Include="Core">
      <UniqueIdentifier>{cbec8a9b-e542-4bd1-b911-9825f25300bc}</UniqueIdentifier>
    </Filter>
    <Filter Include="Title">
      <UniqueIdentifier>{350ba8ce-59e4-4de8-9b7b-4ed2cfc86c51}</UniqueIdentifier>
    </Filter>
    <Filter Include="Intro\AllBack">
      <UniqueIdentifier>{b657acc4-f9d2-40a4-b650-9c1f3c7be121}</UniqueIdentifier>
    </Filter>
    <Filter Include="TitleLoading">
      <UniqueIdentifier>{b4a2fc5c-e61f-4781-a72b-915062258a05}</UniqueIdentifier>
    </Filter>
  </ItemGroup>
</Project>